PODS:
  - Bytedance-UnionAD (3.2.6.2)
  - MEAdvSDK (1.0.15)
  - MEBUADAdapter (1.0.11):
    - Bytedance-UnionAD (= 3.2.6.2)
    - MEAdvSDK (~> 1.0.15)

DEPENDENCIES:
  - MEBUADAdapter (from `../`)

SPEC REPOS:
  https://github.com/CocoaPods/Specs.git:
    - Bytedance-UnionAD
    - MEAdvSDK

EXTERNAL SOURCES:
  MEBUADAdapter:
    :path: "../"

SPEC CHECKSUMS:
  Bytedance-UnionAD: ee419a461654e1c2338b5f6b0b2224617b230640
  MEAdvSDK: 9a59be817f18f66def4da0c159e7eeb159eab3d7
  MEBUADAdapter: 2cbe8253a28130f5213445e9d80178e1bd304529

PODFILE CHECKSUM: 361c4f5917a396e1f3eac3c6bbbfd3e3bf91cce0

COCOAPODS: 1.9.3
