PODS:
  - Bytedance-UnionAD (2.9.5.8)
  - MEAdvSDK (0.1.4):
    - Reachability
    - Realm (= 4.4.1)
  - MEBUADAdapter (0.1.1):
    - Bytedance-UnionAD (= 2.9.5.8)
    - MEAdvSDK (= 0.1.4)
  - Reachability (3.2)
  - Realm (4.4.1):
    - Realm/Headers (= 4.4.1)
  - Realm/Headers (4.4.1)

DEPENDENCIES:
  - MEBUADAdapter (from `../`)

SPEC REPOS:
  https://github.com/CocoaPods/Specs.git:
    - Bytedance-UnionAD
    - Reachability
    - Realm
  https://gitlab.ad-mex.com/app/Module_iOS.git:
    - MEAdvSDK

EXTERNAL SOURCES:
  MEBUADAdapter:
    :path: "../"

SPEC CHECKSUMS:
  Bytedance-UnionAD: af6f65144b4fce6329946e89f262ffc8c6c1937c
  MEAdvSDK: 861be5b363fa1fc4471709bfe26375daa55b5bb2
  MEBUADAdapter: 7db921215762d0815d6598ba037ee518466858bb
  Reachability: 33e18b67625424e47b6cde6d202dce689ad7af96
  Realm: 4eb04d7487bd43c0581256f40b424eafb711deff

PODFILE CHECKSUM: 1c4c2cc2523762d3c90804aa94a984efc9839d10

COCOAPODS: 1.8.4
